
Microsoft Visual Studio Solution File, Format Version 12.00
# Visual Studio 14
VisualStudioVersion = 14.0.25420.1
MinimumVisualStudioVersion = 10.0.40219.1
Project("{2150E333-8FDC-42A3-9474-1A3956D46DE8}") = "src", "src", "{1F644EAB-AF47-45D6-BDED-F3CFC8842150}"
EndProject
Project("{2150E333-8FDC-42A3-9474-1A3956D46DE8}") = "Solution Items", "Solution Items", "{47B17C26-D54B-4C2E-A8A7-1E24D8E1AD7B}"
	ProjectSection(SolutionItems) = preProject
		global.json = global.json
	EndProjectSection
EndProject
Project("{8BB2217D-0F2D-49D1-97BC-3654ED321F3B}") = "WebApplication6", "src\WebApplication6\WebApplication6.xproj", "{6B9C046B-20E7-4B16-8DDE-33063F7F54DB}"
EndProject
Project("{8BB2217D-0F2D-49D1-97BC-3654ED321F3B}") = "WebApplication1", "src\WebApplication1\WebApplication1.xproj", "{4DDB2A10-1421-4FC4-856D-980CB7A774A1}"
EndProject
Project("{FAE04EC0-301F-11D3-BF4B-00C04F79EFBC}") = "ClassLibrary2", "ClassLibrary2\ClassLibrary2.csproj", "{0FC417BB-55C7-41A1-8C9A-59F4F581C349}"
EndProject
Project("{8BB2217D-0F2D-49D1-97BC-3654ED321F3B}") = "WebApplication01", "src\WebApplication01\WebApplication01.xproj", "{0DF13D61-0C1B-480D-ACE0-E18FB6083220}"
EndProject
Global
	GlobalSection(SolutionConfigurationPlatforms) = preSolution
		Debug|Any CPU = Debug|Any CPU
		Release|Any CPU = Release|Any CPU
	EndGlobalSection
	GlobalSection(ProjectConfigurationPlatforms) = postSolution
		{6B9C046B-20E7-4B16-8DDE-33063F7F54DB}.Debug|Any CPU.ActiveCfg = Debug|Any CPU
		{6B9C046B-20E7-4B16-8DDE-33063F7F54DB}.Debug|Any CPU.Build.0 = Debug|Any CPU
		{6B9C046B-20E7-4B16-8DDE-33063F7F54DB}.Release|Any CPU.ActiveCfg = Release|Any CPU
		{6B9C046B-20E7-4B16-8DDE-33063F7F54DB}.Release|Any CPU.Build.0 = Release|Any CPU
		{4DDB2A10-1421-4FC4-856D-980CB7A774A1}.Debug|Any CPU.ActiveCfg = Debug|Any CPU
		{4DDB2A10-1421-4FC4-856D-980CB7A774A1}.Debug|Any CPU.Build.0 = Debug|Any CPU
		{4DDB2A10-1421-4FC4-856D-980CB7A774A1}.Release|Any CPU.ActiveCfg = Release|Any CPU
		{4DDB2A10-1421-4FC4-856D-980CB7A774A1}.Release|Any CPU.Build.0 = Release|Any CPU
		{0FC417BB-55C7-41A1-8C9A-59F4F581C349}.Debug|Any CPU.ActiveCfg = Debug|Any CPU
		{0FC417BB-55C7-41A1-8C9A-59F4F581C349}.Debug|Any CPU.Build.0 = Debug|Any CPU
		{0FC417BB-55C7-41A1-8C9A-59F4F581C349}.Release|Any CPU.ActiveCfg = Release|Any CPU
		{0FC417BB-55C7-41A1-8C9A-59F4F581C349}.Release|Any CPU.Build.0 = Release|Any CPU
		{0DF13D61-0C1B-480D-ACE0-E18FB6083220}.Debug|Any CPU.ActiveCfg = Debug|Any CPU
		{0DF13D61-0C1B-480D-ACE0-E18FB6083220}.Debug|Any CPU.Build.0 = Debug|Any CPU
		{0DF13D61-0C1B-480D-ACE0-E18FB6083220}.Release|Any CPU.ActiveCfg = Release|Any CPU
		{0DF13D61-0C1B-480D-ACE0-E18FB6083220}.Release|Any CPU.Build.0 = Release|Any CPU
	EndGlobalSection
	GlobalSection(SolutionProperties) = preSolution
		HideSolutionNode = FALSE
	EndGlobalSection
	GlobalSection(NestedProjects) = preSolution
		{6B9C046B-20E7-4B16-8DDE-33063F7F54DB} = {1F644EAB-AF47-45D6-BDED-F3CFC8842150}
		{4DDB2A10-1421-4FC4-856D-980CB7A774A1} = {1F644EAB-AF47-45D6-BDED-F3CFC8842150}
		{0FC417BB-55C7-41A1-8C9A-59F4F581C349} = {1F644EAB-AF47-45D6-BDED-F3CFC8842150}
		{0DF13D61-0C1B-480D-ACE0-E18FB6083220} = {1F644EAB-AF47-45D6-BDED-F3CFC8842150}
	EndGlobalSection
EndGlobal
