
Microsoft Visual Studio Solution File, Format Version 12.00
# Visual Studio 14
VisualStudioVersion = 14.0.25420.1
MinimumVisualStudioVersion = 10.0.40219.1
Project("{2150E333-8FDC-42A3-9474-1A3956D46DE8}") = "src", "src", "{1F644EAB-AF47-45D6-BDED-F3CFC8842150}"
EndProject
Project("{2150E333-8FDC-42A3-9474-1A3956D46DE8}") = "Solution Items", "Solution Items", "{47B17C26-D54B-4C2E-A8A7-1E24D8E1AD7B}"
	ProjectSection(SolutionItems) = preProject
		global.json = global.json
	EndProjectSection
EndProject
Project("{8BB2217D-0F2D-49D1-97BC-3654ED321F3B}") = "WebApplication6", "src\WebApplication6\WebApplication6.xproj", "{6B9C046B-20E7-4B16-8DDE-33063F7F54DB}"
EndProject
Project("{8BB2217D-0F2D-49D1-97BC-3654ED321F3B}") = "WebApplication06", "src\WebApplication1\WebApplication06.xproj", "{4DDB2A10-1421-4FC4-856D-980CB7A774A1}"
EndProject
Project("{FAE04EC0-301F-11D3-BF4B-00C04F79EFBC}") = "ClassLibrary2", "ClassLibrary2\ClassLibrary2.csproj", "{0FC417BB-55C7-41A1-8C9A-59F4F581C349}"
EndProject
Project("{8BB2217D-0F2D-49D1-97BC-3654ED321F3B}") = "WebApplication01Bind", "src\WebApplication01\WebApplication01Bind.xproj", "{0DF13D61-0C1B-480D-ACE0-E18FB6083220}"
EndProject
Project("{8BB2217D-0F2D-49D1-97BC-3654ED321F3B}") = "WebApplication02co-Api", "src\WebApplication2\WebApplication02co-Api.xproj", "{3C701891-408B-4B5E-8529-753955357B1E}"
EndProject
Project("{FAE04EC0-301F-11D3-BF4B-00C04F79EFBC}") = "WebApplication02", "WebApplication02\WebApplication02.csproj", "{E26C10E8-3B01-4C32-AA68-67F11C60779A}"
EndProject
Project("{8BB2217D-0F2D-49D1-97BC-3654ED321F3B}") = "WebApplication03context", "src\WebApplication03\WebApplication03context.xproj", "{0C205394-341C-4750-8DDE-92CC924E1FFE}"
EndProject
Project("{8BB2217D-0F2D-49D1-97BC-3654ED321F3B}") = "WebApplication03", "WebApplication03\WebApplication03.xproj", "{03AC8505-B5CC-420D-9655-C31A5B3860EB}"
EndProject
Project("{8BB2217D-0F2D-49D1-97BC-3654ED321F3B}") = "ClassLibrary1", "ClassLibrary1\ClassLibrary1.xproj", "{21F58154-3550-404D-9A8E-3D802FD605D1}"
EndProject
Project("{8BB2217D-0F2D-49D1-97BC-3654ED321F3B}") = "ClassLibrary06", "src\ClassLibrary3\ClassLibrary06.xproj", "{F5F021A7-947C-4625-A5BC-9B2B38A845E9}"
EndProject
Project("{FAE04EC0-301F-11D3-BF4B-00C04F79EFBC}") = "WebApplication06Abstract", "WebApplication1\WebApplication06Abstract.csproj", "{3D28BDDF-1811-4516-8D52-F280464C17A0}"
EndProject
Project("{FAE04EC0-301F-11D3-BF4B-00C04F79EFBC}") = "Business.entity", "ClassLibrary3\Business.entity.csproj", "{DFA3FE95-029C-4A1D-B4C7-A02F63A80C7A}"
EndProject
Project("{8BB2217D-0F2D-49D1-97BC-3654ED321F3B}") = "WebApplication07", "src\WebApplication07\WebApplication07.xproj", "{F1CF6EE9-466B-4421-BB22-4E053D18A677}"
EndProject
Project("{8BB2217D-0F2D-49D1-97BC-3654ED321F3B}") = "WebApplication07to3", "src\WebApplication07to3\WebApplication07to3.xproj", "{E093F099-60F2-46C9-8E28-F257DB4560EA}"
EndProject
Project("{8BB2217D-0F2D-49D1-97BC-3654ED321F3B}") = "WebApplication07to4", "src\WebApplication07to4\WebApplication07to4.xproj", "{6D8B887A-C386-49F6-9805-F64E66D96BEF}"
EndProject
Project("{8BB2217D-0F2D-49D1-97BC-3654ED321F3B}") = "WebApplication07to5", "src\WebApplication07to5\WebApplication07to5.xproj", "{47DE2647-A53C-40E4-A9B8-DCEA7BBF764A}"
EndProject
Global
	GlobalSection(SolutionConfigurationPlatforms) = preSolution
		Debug|Any CPU = Debug|Any CPU
		Release|Any CPU = Release|Any CPU
	EndGlobalSection
	GlobalSection(ProjectConfigurationPlatforms) = postSolution
		{6B9C046B-20E7-4B16-8DDE-33063F7F54DB}.Debug|Any CPU.ActiveCfg = Debug|Any CPU
		{6B9C046B-20E7-4B16-8DDE-33063F7F54DB}.Debug|Any CPU.Build.0 = Debug|Any CPU
		{6B9C046B-20E7-4B16-8DDE-33063F7F54DB}.Release|Any CPU.ActiveCfg = Release|Any CPU
		{6B9C046B-20E7-4B16-8DDE-33063F7F54DB}.Release|Any CPU.Build.0 = Release|Any CPU
		{4DDB2A10-1421-4FC4-856D-980CB7A774A1}.Debug|Any CPU.ActiveCfg = Debug|Any CPU
		{4DDB2A10-1421-4FC4-856D-980CB7A774A1}.Debug|Any CPU.Build.0 = Debug|Any CPU
		{4DDB2A10-1421-4FC4-856D-980CB7A774A1}.Release|Any CPU.ActiveCfg = Release|Any CPU
		{4DDB2A10-1421-4FC4-856D-980CB7A774A1}.Release|Any CPU.Build.0 = Release|Any CPU
		{0FC417BB-55C7-41A1-8C9A-59F4F581C349}.Debug|Any CPU.ActiveCfg = Debug|Any CPU
		{0FC417BB-55C7-41A1-8C9A-59F4F581C349}.Debug|Any CPU.Build.0 = Debug|Any CPU
		{0FC417BB-55C7-41A1-8C9A-59F4F581C349}.Release|Any CPU.ActiveCfg = Release|Any CPU
		{0FC417BB-55C7-41A1-8C9A-59F4F581C349}.Release|Any CPU.Build.0 = Release|Any CPU
		{0DF13D61-0C1B-480D-ACE0-E18FB6083220}.Debug|Any CPU.ActiveCfg = Debug|Any CPU
		{0DF13D61-0C1B-480D-ACE0-E18FB6083220}.Debug|Any CPU.Build.0 = Debug|Any CPU
		{0DF13D61-0C1B-480D-ACE0-E18FB6083220}.Release|Any CPU.ActiveCfg = Release|Any CPU
		{0DF13D61-0C1B-480D-ACE0-E18FB6083220}.Release|Any CPU.Build.0 = Release|Any CPU
		{3C701891-408B-4B5E-8529-753955357B1E}.Debug|Any CPU.ActiveCfg = Debug|Any CPU
		{3C701891-408B-4B5E-8529-753955357B1E}.Debug|Any CPU.Build.0 = Debug|Any CPU
		{3C701891-408B-4B5E-8529-753955357B1E}.Release|Any CPU.ActiveCfg = Release|Any CPU
		{3C701891-408B-4B5E-8529-753955357B1E}.Release|Any CPU.Build.0 = Release|Any CPU
		{E26C10E8-3B01-4C32-AA68-67F11C60779A}.Debug|Any CPU.ActiveCfg = Debug|Any CPU
		{E26C10E8-3B01-4C32-AA68-67F11C60779A}.Debug|Any CPU.Build.0 = Debug|Any CPU
		{E26C10E8-3B01-4C32-AA68-67F11C60779A}.Release|Any CPU.ActiveCfg = Release|Any CPU
		{E26C10E8-3B01-4C32-AA68-67F11C60779A}.Release|Any CPU.Build.0 = Release|Any CPU
		{0C205394-341C-4750-8DDE-92CC924E1FFE}.Debug|Any CPU.ActiveCfg = Debug|Any CPU
		{0C205394-341C-4750-8DDE-92CC924E1FFE}.Debug|Any CPU.Build.0 = Debug|Any CPU
		{0C205394-341C-4750-8DDE-92CC924E1FFE}.Release|Any CPU.ActiveCfg = Release|Any CPU
		{0C205394-341C-4750-8DDE-92CC924E1FFE}.Release|Any CPU.Build.0 = Release|Any CPU
		{03AC8505-B5CC-420D-9655-C31A5B3860EB}.Debug|Any CPU.ActiveCfg = Debug|Any CPU
		{03AC8505-B5CC-420D-9655-C31A5B3860EB}.Debug|Any CPU.Build.0 = Debug|Any CPU
		{03AC8505-B5CC-420D-9655-C31A5B3860EB}.Release|Any CPU.ActiveCfg = Release|Any CPU
		{03AC8505-B5CC-420D-9655-C31A5B3860EB}.Release|Any CPU.Build.0 = Release|Any CPU
		{21F58154-3550-404D-9A8E-3D802FD605D1}.Debug|Any CPU.ActiveCfg = Debug|Any CPU
		{21F58154-3550-404D-9A8E-3D802FD605D1}.Debug|Any CPU.Build.0 = Debug|Any CPU
		{21F58154-3550-404D-9A8E-3D802FD605D1}.Release|Any CPU.ActiveCfg = Release|Any CPU
		{21F58154-3550-404D-9A8E-3D802FD605D1}.Release|Any CPU.Build.0 = Release|Any CPU
		{F5F021A7-947C-4625-A5BC-9B2B38A845E9}.Debug|Any CPU.ActiveCfg = Debug|Any CPU
		{F5F021A7-947C-4625-A5BC-9B2B38A845E9}.Debug|Any CPU.Build.0 = Debug|Any CPU
		{F5F021A7-947C-4625-A5BC-9B2B38A845E9}.Release|Any CPU.ActiveCfg = Release|Any CPU
		{F5F021A7-947C-4625-A5BC-9B2B38A845E9}.Release|Any CPU.Build.0 = Release|Any CPU
		{3D28BDDF-1811-4516-8D52-F280464C17A0}.Debug|Any CPU.ActiveCfg = Debug|Any CPU
		{3D28BDDF-1811-4516-8D52-F280464C17A0}.Debug|Any CPU.Build.0 = Debug|Any CPU
		{3D28BDDF-1811-4516-8D52-F280464C17A0}.Release|Any CPU.ActiveCfg = Release|Any CPU
		{3D28BDDF-1811-4516-8D52-F280464C17A0}.Release|Any CPU.Build.0 = Release|Any CPU
		{DFA3FE95-029C-4A1D-B4C7-A02F63A80C7A}.Debug|Any CPU.ActiveCfg = Debug|Any CPU
		{DFA3FE95-029C-4A1D-B4C7-A02F63A80C7A}.Debug|Any CPU.Build.0 = Debug|Any CPU
		{DFA3FE95-029C-4A1D-B4C7-A02F63A80C7A}.Release|Any CPU.ActiveCfg = Release|Any CPU
		{DFA3FE95-029C-4A1D-B4C7-A02F63A80C7A}.Release|Any CPU.Build.0 = Release|Any CPU
		{F1CF6EE9-466B-4421-BB22-4E053D18A677}.Debug|Any CPU.ActiveCfg = Debug|Any CPU
		{F1CF6EE9-466B-4421-BB22-4E053D18A677}.Debug|Any CPU.Build.0 = Debug|Any CPU
		{F1CF6EE9-466B-4421-BB22-4E053D18A677}.Release|Any CPU.ActiveCfg = Release|Any CPU
		{F1CF6EE9-466B-4421-BB22-4E053D18A677}.Release|Any CPU.Build.0 = Release|Any CPU
		{E093F099-60F2-46C9-8E28-F257DB4560EA}.Debug|Any CPU.ActiveCfg = Debug|Any CPU
		{E093F099-60F2-46C9-8E28-F257DB4560EA}.Debug|Any CPU.Build.0 = Debug|Any CPU
		{E093F099-60F2-46C9-8E28-F257DB4560EA}.Release|Any CPU.ActiveCfg = Release|Any CPU
		{E093F099-60F2-46C9-8E28-F257DB4560EA}.Release|Any CPU.Build.0 = Release|Any CPU
		{6D8B887A-C386-49F6-9805-F64E66D96BEF}.Debug|Any CPU.ActiveCfg = Debug|Any CPU
		{6D8B887A-C386-49F6-9805-F64E66D96BEF}.Debug|Any CPU.Build.0 = Debug|Any CPU
		{6D8B887A-C386-49F6-9805-F64E66D96BEF}.Release|Any CPU.ActiveCfg = Release|Any CPU
		{6D8B887A-C386-49F6-9805-F64E66D96BEF}.Release|Any CPU.Build.0 = Release|Any CPU
		{47DE2647-A53C-40E4-A9B8-DCEA7BBF764A}.Debug|Any CPU.ActiveCfg = Debug|Any CPU
		{47DE2647-A53C-40E4-A9B8-DCEA7BBF764A}.Debug|Any CPU.Build.0 = Debug|Any CPU
		{47DE2647-A53C-40E4-A9B8-DCEA7BBF764A}.Release|Any CPU.ActiveCfg = Release|Any CPU
		{47DE2647-A53C-40E4-A9B8-DCEA7BBF764A}.Release|Any CPU.Build.0 = Release|Any CPU
	EndGlobalSection
	GlobalSection(SolutionProperties) = preSolution
		HideSolutionNode = FALSE
	EndGlobalSection
	GlobalSection(NestedProjects) = preSolution
		{6B9C046B-20E7-4B16-8DDE-33063F7F54DB} = {1F644EAB-AF47-45D6-BDED-F3CFC8842150}
		{4DDB2A10-1421-4FC4-856D-980CB7A774A1} = {1F644EAB-AF47-45D6-BDED-F3CFC8842150}
		{0FC417BB-55C7-41A1-8C9A-59F4F581C349} = {1F644EAB-AF47-45D6-BDED-F3CFC8842150}
		{0DF13D61-0C1B-480D-ACE0-E18FB6083220} = {1F644EAB-AF47-45D6-BDED-F3CFC8842150}
		{3C701891-408B-4B5E-8529-753955357B1E} = {1F644EAB-AF47-45D6-BDED-F3CFC8842150}
		{E26C10E8-3B01-4C32-AA68-67F11C60779A} = {1F644EAB-AF47-45D6-BDED-F3CFC8842150}
		{0C205394-341C-4750-8DDE-92CC924E1FFE} = {1F644EAB-AF47-45D6-BDED-F3CFC8842150}
		{03AC8505-B5CC-420D-9655-C31A5B3860EB} = {1F644EAB-AF47-45D6-BDED-F3CFC8842150}
		{21F58154-3550-404D-9A8E-3D802FD605D1} = {1F644EAB-AF47-45D6-BDED-F3CFC8842150}
		{F5F021A7-947C-4625-A5BC-9B2B38A845E9} = {1F644EAB-AF47-45D6-BDED-F3CFC8842150}
		{3D28BDDF-1811-4516-8D52-F280464C17A0} = {1F644EAB-AF47-45D6-BDED-F3CFC8842150}
		{DFA3FE95-029C-4A1D-B4C7-A02F63A80C7A} = {1F644EAB-AF47-45D6-BDED-F3CFC8842150}
		{F1CF6EE9-466B-4421-BB22-4E053D18A677} = {1F644EAB-AF47-45D6-BDED-F3CFC8842150}
		{E093F099-60F2-46C9-8E28-F257DB4560EA} = {1F644EAB-AF47-45D6-BDED-F3CFC8842150}
		{6D8B887A-C386-49F6-9805-F64E66D96BEF} = {1F644EAB-AF47-45D6-BDED-F3CFC8842150}
		{47DE2647-A53C-40E4-A9B8-DCEA7BBF764A} = {1F644EAB-AF47-45D6-BDED-F3CFC8842150}
	EndGlobalSection
EndGlobal
